// !$*UTF8*$!
{
	archiveVersion = 1;
	classes = {
	};
	objectVersion = 52;
	objects = {

/* Begin PBXBuildFile section */
		9C19971C240BCC05001E9B8B /* NeoColors.swift in Sources */ = {isa = PBXBuildFile; fileRef = 9C19971B240BCC05001E9B8B /* NeoColors.swift */; };
		9C19972B240C47AC001E9B8B /* SignUpModel.swift in Sources */ = {isa = PBXBuildFile; fileRef = 9C19972A240C47AC001E9B8B /* SignUpModel.swift */; };
		9C199731240C4878001E9B8B /* HomePresenter.swift in Sources */ = {isa = PBXBuildFile; fileRef = 9C19972C240C4878001E9B8B /* HomePresenter.swift */; };
		9C199732240C4878001E9B8B /* HomeRouter.swift in Sources */ = {isa = PBXBuildFile; fileRef = 9C19972D240C4878001E9B8B /* HomeRouter.swift */; };
		9C199733240C4878001E9B8B /* HomeModuleApi.swift in Sources */ = {isa = PBXBuildFile; fileRef = 9C19972E240C4878001E9B8B /* HomeModuleApi.swift */; };
		9C199734240C4878001E9B8B /* HomeInteractor.swift in Sources */ = {isa = PBXBuildFile; fileRef = 9C19972F240C4878001E9B8B /* HomeInteractor.swift */; };
		9C199735240C4878001E9B8B /* HomeView.swift in Sources */ = {isa = PBXBuildFile; fileRef = 9C199730240C4878001E9B8B /* HomeView.swift */; };
		9C3E923423F5E10E009ADA6E /* Localizable.swift in Sources */ = {isa = PBXBuildFile; fileRef = 9C3E923323F5E10E009ADA6E /* Localizable.swift */; };
		9C3E923A23F5E4FC009ADA6E /* Localizable.strings in Resources */ = {isa = PBXBuildFile; fileRef = 9C3E923C23F5E4FC009ADA6E /* Localizable.strings */; };
		9C3E924023F70B51009ADA6E /* LoginUpperSubview.swift in Sources */ = {isa = PBXBuildFile; fileRef = 9C3E923F23F70B51009ADA6E /* LoginUpperSubview.swift */; };
		9C3E924223F70B66009ADA6E /* LoginLowerSubview.swift in Sources */ = {isa = PBXBuildFile; fileRef = 9C3E924123F70B66009ADA6E /* LoginLowerSubview.swift */; };
		9C3E924423F70D14009ADA6E /* LoginTextField.swift in Sources */ = {isa = PBXBuildFile; fileRef = 9C3E924323F70D14009ADA6E /* LoginTextField.swift */; };
		9C3E924623F71255009ADA6E /* LoginAnimationModifier.swift in Sources */ = {isa = PBXBuildFile; fileRef = 9C3E924523F71255009ADA6E /* LoginAnimationModifier.swift */; };
		9C628CDB23FB16A4005F8F06 /* Alamofire in Frameworks */ = {isa = PBXBuildFile; productRef = 9C628CDA23FB16A4005F8F06 /* Alamofire */; };
		9C628CDE23FB178A005F8F06 /* StoragePropertyWrapper.swift in Sources */ = {isa = PBXBuildFile; fileRef = 9C628CDD23FB178A005F8F06 /* StoragePropertyWrapper.swift */; };
		9C628CE423FB1851005F8F06 /* APIPaginator.swift in Sources */ = {isa = PBXBuildFile; fileRef = 9C628CE023FB1851005F8F06 /* APIPaginator.swift */; };
		9C628CE523FB1851005F8F06 /* APIClient.swift in Sources */ = {isa = PBXBuildFile; fileRef = 9C628CE123FB1851005F8F06 /* APIClient.swift */; };
		9C628CE623FB1851005F8F06 /* APIRouter.swift in Sources */ = {isa = PBXBuildFile; fileRef = 9C628CE223FB1851005F8F06 /* APIRouter.swift */; };
		9C628CE723FB1851005F8F06 /* AccessTokenInterceptor.swift in Sources */ = {isa = PBXBuildFile; fileRef = 9C628CE323FB1851005F8F06 /* AccessTokenInterceptor.swift */; };
		9C628CE923FB1A44005F8F06 /* PaginationModel.swift in Sources */ = {isa = PBXBuildFile; fileRef = 9C628CE823FB1A44005F8F06 /* PaginationModel.swift */; };
		9C736D9A240EEAB400CAA3F9 /* ViewModel.swift in Sources */ = {isa = PBXBuildFile; fileRef = 9C736D99240EEAB400CAA3F9 /* ViewModel.swift */; };
		9C736D9D240EEE4A00CAA3F9 /* LoginServiceProtocol.swift in Sources */ = {isa = PBXBuildFile; fileRef = 9C736D9C240EEE4A00CAA3F9 /* LoginServiceProtocol.swift */; };
		9C736D9F240EF5CD00CAA3F9 /* Publisher+Extensions.swift in Sources */ = {isa = PBXBuildFile; fileRef = 9C736D9E240EF5CD00CAA3F9 /* Publisher+Extensions.swift */; };
		9C736DA1240EF61F00CAA3F9 /* CancellableBag.swift in Sources */ = {isa = PBXBuildFile; fileRef = 9C736DA0240EF61F00CAA3F9 /* CancellableBag.swift */; };
		9C736DA3240EF64000CAA3F9 /* AnyCancellable+Extensions.swift in Sources */ = {isa = PBXBuildFile; fileRef = 9C736DA2240EF64000CAA3F9 /* AnyCancellable+Extensions.swift */; };
		9C736DA5240EF80A00CAA3F9 /* CurrentValueSubject+Extensions.swift in Sources */ = {isa = PBXBuildFile; fileRef = 9C736DA4240EF80A00CAA3F9 /* CurrentValueSubject+Extensions.swift */; };
		9C736DA7240EF82B00CAA3F9 /* Loadable.swift in Sources */ = {isa = PBXBuildFile; fileRef = 9C736DA6240EF82B00CAA3F9 /* Loadable.swift */; };
		9C736DA9240EF85B00CAA3F9 /* Subscribers+Extensions.swift in Sources */ = {isa = PBXBuildFile; fileRef = 9C736DA8240EF85B00CAA3F9 /* Subscribers+Extensions.swift */; };
		9C81AD702407CE560010FCF5 /* Color+Palette.swift in Sources */ = {isa = PBXBuildFile; fileRef = 9C81AD6F2407CE560010FCF5 /* Color+Palette.swift */; };
		9C81AD722407CEE60010FCF5 /* LinearGradient+Extensions.swift in Sources */ = {isa = PBXBuildFile; fileRef = 9C81AD712407CEE60010FCF5 /* LinearGradient+Extensions.swift */; };
		9C81AD772407D0000010FCF5 /* NeoBackground.swift in Sources */ = {isa = PBXBuildFile; fileRef = 9C81AD762407D0000010FCF5 /* NeoBackground.swift */; };
		9C81AD812407D1BB0010FCF5 /* NeoButtonStyle.swift in Sources */ = {isa = PBXBuildFile; fileRef = 9C81AD802407D1BB0010FCF5 /* NeoButtonStyle.swift */; };
		9C81AD862407D1FF0010FCF5 /* NeoToggleStyle.swift in Sources */ = {isa = PBXBuildFile; fileRef = 9C81AD852407D1FF0010FCF5 /* NeoToggleStyle.swift */; };
		9C974B8F23F1DBDE006AC63A /* AppDelegate.swift in Sources */ = {isa = PBXBuildFile; fileRef = 9C974B8E23F1DBDE006AC63A /* AppDelegate.swift */; };
		9C974B9123F1DBDE006AC63A /* SceneDelegate.swift in Sources */ = {isa = PBXBuildFile; fileRef = 9C974B9023F1DBDE006AC63A /* SceneDelegate.swift */; };
		9C974B9523F1DBDE006AC63A /* Assets.xcassets in Resources */ = {isa = PBXBuildFile; fileRef = 9C974B9423F1DBDE006AC63A /* Assets.xcassets */; };
		9C974B9823F1DBDE006AC63A /* Preview Assets.xcassets in Resources */ = {isa = PBXBuildFile; fileRef = 9C974B9723F1DBDE006AC63A /* Preview Assets.xcassets */; };
		9C974B9B23F1DBDE006AC63A /* LaunchScreen.storyboard in Resources */ = {isa = PBXBuildFile; fileRef = 9C974B9923F1DBDE006AC63A /* LaunchScreen.storyboard */; };
		9C974BA423F1DCCF006AC63A /* Viperit in Frameworks */ = {isa = PBXBuildFile; productRef = 9C974BA323F1DCCF006AC63A /* Viperit */; };
		9C974BAA23F1DD1D006AC63A /* LoginPresenter.swift in Sources */ = {isa = PBXBuildFile; fileRef = 9C974BA523F1DD1D006AC63A /* LoginPresenter.swift */; };
		9C974BAC23F1DD1D006AC63A /* LoginModuleApi.swift in Sources */ = {isa = PBXBuildFile; fileRef = 9C974BA723F1DD1D006AC63A /* LoginModuleApi.swift */; };
		9C974BAE23F1DD1D006AC63A /* LoginView.swift in Sources */ = {isa = PBXBuildFile; fileRef = 9C974BA923F1DD1D006AC63A /* LoginView.swift */; };
		9C987FA823F332A5002E104D /* Constants.swift in Sources */ = {isa = PBXBuildFile; fileRef = 9C987FA723F332A5002E104D /* Constants.swift */; };
		9CE74C1C240165D0001D9369 /* UserToken.swift in Sources */ = {isa = PBXBuildFile; fileRef = 9CE74C1B240165D0001D9369 /* UserToken.swift */; };
		9CE74C21240192E5001D9369 /* Environment.swift in Sources */ = {isa = PBXBuildFile; fileRef = 9CE74C20240192E5001D9369 /* Environment.swift */; };
		9CE74C22240195B7001D9369 /* LoginInteractor.swift in Sources */ = {isa = PBXBuildFile; fileRef = 9C974BA823F1DD1D006AC63A /* LoginInteractor.swift */; };
		B401CEC723F9BBA400CD6356 /* LoginViewModel.swift in Sources */ = {isa = PBXBuildFile; fileRef = B401CEC623F9BBA400CD6356 /* LoginViewModel.swift */; };
/* End PBXBuildFile section */

/* Begin PBXFileReference section */
		9C19971B240BCC05001E9B8B /* NeoColors.swift */ = {isa = PBXFileReference; lastKnownFileType = sourcecode.swift; path = NeoColors.swift; sourceTree = "<group>"; };
		9C19972A240C47AC001E9B8B /* SignUpModel.swift */ = {isa = PBXFileReference; fileEncoding = 4; lastKnownFileType = sourcecode.swift; path = SignUpModel.swift; sourceTree = "<group>"; };
		9C19972C240C4878001E9B8B /* HomePresenter.swift */ = {isa = PBXFileReference; lastKnownFileType = sourcecode.swift; path = HomePresenter.swift; sourceTree = "<group>"; };
		9C19972D240C4878001E9B8B /* HomeRouter.swift */ = {isa = PBXFileReference; lastKnownFileType = sourcecode.swift; path = HomeRouter.swift; sourceTree = "<group>"; };
		9C19972E240C4878001E9B8B /* HomeModuleApi.swift */ = {isa = PBXFileReference; lastKnownFileType = sourcecode.swift; path = HomeModuleApi.swift; sourceTree = "<group>"; };
		9C19972F240C4878001E9B8B /* HomeInteractor.swift */ = {isa = PBXFileReference; lastKnownFileType = sourcecode.swift; path = HomeInteractor.swift; sourceTree = "<group>"; };
		9C199730240C4878001E9B8B /* HomeView.swift */ = {isa = PBXFileReference; lastKnownFileType = sourcecode.swift; path = HomeView.swift; sourceTree = "<group>"; };
		9C3E923323F5E10E009ADA6E /* Localizable.swift */ = {isa = PBXFileReference; lastKnownFileType = sourcecode.swift; path = Localizable.swift; sourceTree = "<group>"; };
		9C3E923523F5E2D3009ADA6E /* es */ = {isa = PBXFileReference; lastKnownFileType = text.plist.strings; name = es; path = es.lproj/LaunchScreen.strings; sourceTree = "<group>"; };
		9C3E923B23F5E4FC009ADA6E /* en */ = {isa = PBXFileReference; lastKnownFileType = text.plist.strings; name = en; path = en.lproj/Localizable.strings; sourceTree = "<group>"; };
		9C3E923D23F5E500009ADA6E /* es */ = {isa = PBXFileReference; lastKnownFileType = text.plist.strings; name = es; path = es.lproj/Localizable.strings; sourceTree = "<group>"; };
		9C3E923F23F70B51009ADA6E /* LoginUpperSubview.swift */ = {isa = PBXFileReference; lastKnownFileType = sourcecode.swift; path = LoginUpperSubview.swift; sourceTree = "<group>"; };
		9C3E924123F70B66009ADA6E /* LoginLowerSubview.swift */ = {isa = PBXFileReference; lastKnownFileType = sourcecode.swift; path = LoginLowerSubview.swift; sourceTree = "<group>"; };
		9C3E924323F70D14009ADA6E /* LoginTextField.swift */ = {isa = PBXFileReference; lastKnownFileType = sourcecode.swift; path = LoginTextField.swift; sourceTree = "<group>"; };
		9C3E924523F71255009ADA6E /* LoginAnimationModifier.swift */ = {isa = PBXFileReference; lastKnownFileType = sourcecode.swift; path = LoginAnimationModifier.swift; sourceTree = "<group>"; };
		9C628CDD23FB178A005F8F06 /* StoragePropertyWrapper.swift */ = {isa = PBXFileReference; fileEncoding = 4; lastKnownFileType = sourcecode.swift; path = StoragePropertyWrapper.swift; sourceTree = "<group>"; };
		9C628CE023FB1851005F8F06 /* APIPaginator.swift */ = {isa = PBXFileReference; fileEncoding = 4; lastKnownFileType = sourcecode.swift; path = APIPaginator.swift; sourceTree = "<group>"; };
		9C628CE123FB1851005F8F06 /* APIClient.swift */ = {isa = PBXFileReference; fileEncoding = 4; lastKnownFileType = sourcecode.swift; path = APIClient.swift; sourceTree = "<group>"; };
		9C628CE223FB1851005F8F06 /* APIRouter.swift */ = {isa = PBXFileReference; fileEncoding = 4; lastKnownFileType = sourcecode.swift; path = APIRouter.swift; sourceTree = "<group>"; };
		9C628CE323FB1851005F8F06 /* AccessTokenInterceptor.swift */ = {isa = PBXFileReference; fileEncoding = 4; lastKnownFileType = sourcecode.swift; path = AccessTokenInterceptor.swift; sourceTree = "<group>"; };
		9C628CE823FB1A44005F8F06 /* PaginationModel.swift */ = {isa = PBXFileReference; fileEncoding = 4; lastKnownFileType = sourcecode.swift; path = PaginationModel.swift; sourceTree = "<group>"; };
		9C736D99240EEAB400CAA3F9 /* ViewModel.swift */ = {isa = PBXFileReference; lastKnownFileType = sourcecode.swift; path = ViewModel.swift; sourceTree = "<group>"; };
		9C736D9C240EEE4A00CAA3F9 /* LoginServiceProtocol.swift */ = {isa = PBXFileReference; lastKnownFileType = sourcecode.swift; path = LoginServiceProtocol.swift; sourceTree = "<group>"; };
		9C736D9E240EF5CD00CAA3F9 /* Publisher+Extensions.swift */ = {isa = PBXFileReference; lastKnownFileType = sourcecode.swift; path = "Publisher+Extensions.swift"; sourceTree = "<group>"; };
		9C736DA0240EF61F00CAA3F9 /* CancellableBag.swift */ = {isa = PBXFileReference; lastKnownFileType = sourcecode.swift; path = CancellableBag.swift; sourceTree = "<group>"; };
		9C736DA2240EF64000CAA3F9 /* AnyCancellable+Extensions.swift */ = {isa = PBXFileReference; lastKnownFileType = sourcecode.swift; path = "AnyCancellable+Extensions.swift"; sourceTree = "<group>"; };
		9C736DA4240EF80A00CAA3F9 /* CurrentValueSubject+Extensions.swift */ = {isa = PBXFileReference; lastKnownFileType = sourcecode.swift; path = "CurrentValueSubject+Extensions.swift"; sourceTree = "<group>"; };
		9C736DA6240EF82B00CAA3F9 /* Loadable.swift */ = {isa = PBXFileReference; fileEncoding = 4; lastKnownFileType = sourcecode.swift; path = Loadable.swift; sourceTree = "<group>"; };
		9C736DA8240EF85B00CAA3F9 /* Subscribers+Extensions.swift */ = {isa = PBXFileReference; lastKnownFileType = sourcecode.swift; path = "Subscribers+Extensions.swift"; sourceTree = "<group>"; };
		9C81AD6F2407CE560010FCF5 /* Color+Palette.swift */ = {isa = PBXFileReference; lastKnownFileType = sourcecode.swift; path = "Color+Palette.swift"; sourceTree = "<group>"; };
		9C81AD712407CEE60010FCF5 /* LinearGradient+Extensions.swift */ = {isa = PBXFileReference; lastKnownFileType = sourcecode.swift; path = "LinearGradient+Extensions.swift"; sourceTree = "<group>"; };
		9C81AD762407D0000010FCF5 /* NeoBackground.swift */ = {isa = PBXFileReference; lastKnownFileType = sourcecode.swift; path = NeoBackground.swift; sourceTree = "<group>"; };
		9C81AD802407D1BB0010FCF5 /* NeoButtonStyle.swift */ = {isa = PBXFileReference; lastKnownFileType = sourcecode.swift; path = NeoButtonStyle.swift; sourceTree = "<group>"; };
		9C81AD852407D1FF0010FCF5 /* NeoToggleStyle.swift */ = {isa = PBXFileReference; lastKnownFileType = sourcecode.swift; path = NeoToggleStyle.swift; sourceTree = "<group>"; };
		9C974B8B23F1DBDE006AC63A /* SUICTemplate.app */ = {isa = PBXFileReference; explicitFileType = wrapper.application; includeInIndex = 0; path = SUICTemplate.app; sourceTree = BUILT_PRODUCTS_DIR; };
		9C974B8E23F1DBDE006AC63A /* AppDelegate.swift */ = {isa = PBXFileReference; lastKnownFileType = sourcecode.swift; path = AppDelegate.swift; sourceTree = "<group>"; };
		9C974B9023F1DBDE006AC63A /* SceneDelegate.swift */ = {isa = PBXFileReference; lastKnownFileType = sourcecode.swift; path = SceneDelegate.swift; sourceTree = "<group>"; };
		9C974B9423F1DBDE006AC63A /* Assets.xcassets */ = {isa = PBXFileReference; lastKnownFileType = folder.assetcatalog; path = Assets.xcassets; sourceTree = "<group>"; };
		9C974B9723F1DBDE006AC63A /* Preview Assets.xcassets */ = {isa = PBXFileReference; lastKnownFileType = folder.assetcatalog; path = "Preview Assets.xcassets"; sourceTree = "<group>"; };
		9C974B9A23F1DBDE006AC63A /* Base */ = {isa = PBXFileReference; lastKnownFileType = file.storyboard; name = Base; path = Base.lproj/LaunchScreen.storyboard; sourceTree = "<group>"; };
		9C974B9C23F1DBDE006AC63A /* Info.plist */ = {isa = PBXFileReference; lastKnownFileType = text.plist.xml; path = Info.plist; sourceTree = "<group>"; };
		9C974BA523F1DD1D006AC63A /* LoginPresenter.swift */ = {isa = PBXFileReference; lastKnownFileType = sourcecode.swift; path = LoginPresenter.swift; sourceTree = "<group>"; };
		9C974BA723F1DD1D006AC63A /* LoginModuleApi.swift */ = {isa = PBXFileReference; lastKnownFileType = sourcecode.swift; path = LoginModuleApi.swift; sourceTree = "<group>"; };
		9C974BA823F1DD1D006AC63A /* LoginInteractor.swift */ = {isa = PBXFileReference; lastKnownFileType = sourcecode.swift; path = LoginInteractor.swift; sourceTree = "<group>"; };
		9C974BA923F1DD1D006AC63A /* LoginView.swift */ = {isa = PBXFileReference; lastKnownFileType = sourcecode.swift; path = LoginView.swift; sourceTree = "<group>"; };
		9C987FA723F332A5002E104D /* Constants.swift */ = {isa = PBXFileReference; lastKnownFileType = sourcecode.swift; path = Constants.swift; sourceTree = "<group>"; };
		9CE74C1B240165D0001D9369 /* UserToken.swift */ = {isa = PBXFileReference; lastKnownFileType = sourcecode.swift; path = UserToken.swift; sourceTree = "<group>"; };
		9CE74C1E2401900E001D9369 /* Release.xcconfig */ = {isa = PBXFileReference; lastKnownFileType = text.xcconfig; path = Release.xcconfig; sourceTree = "<group>"; };
		9CE74C1F24019018001D9369 /* Development.xcconfig */ = {isa = PBXFileReference; lastKnownFileType = text.xcconfig; path = Development.xcconfig; sourceTree = "<group>"; };
		9CE74C20240192E5001D9369 /* Environment.swift */ = {isa = PBXFileReference; lastKnownFileType = sourcecode.swift; path = Environment.swift; sourceTree = "<group>"; };
		B401CEC623F9BBA400CD6356 /* LoginViewModel.swift */ = {isa = PBXFileReference; lastKnownFileType = sourcecode.swift; path = LoginViewModel.swift; sourceTree = "<group>"; };
/* End PBXFileReference section */

/* Begin PBXFrameworksBuildPhase section */
		9C974B8823F1DBDD006AC63A /* Frameworks */ = {
			isa = PBXFrameworksBuildPhase;
			buildActionMask = 2147483647;
			files = (
				9C974BA423F1DCCF006AC63A /* Viperit in Frameworks */,
				9C628CDB23FB16A4005F8F06 /* Alamofire in Frameworks */,
			);
			runOnlyForDeploymentPostprocessing = 0;
		};
/* End PBXFrameworksBuildPhase section */

/* Begin PBXGroup section */
		9C199729240C4795001E9B8B /* SignUp */ = {
			isa = PBXGroup;
			children = (
				9C19972A240C47AC001E9B8B /* SignUpModel.swift */,
			);
			path = SignUp;
			sourceTree = "<group>";
		};
		9C3E923223F5E0FF009ADA6E /* Localizable */ = {
			isa = PBXGroup;
			children = (
				9C3E923323F5E10E009ADA6E /* Localizable.swift */,
				9C3E923C23F5E4FC009ADA6E /* Localizable.strings */,
			);
			path = Localizable;
			sourceTree = "<group>";
		};
		9C3E923E23F70B2E009ADA6E /* View */ = {
			isa = PBXGroup;
			children = (
				9C974BA923F1DD1D006AC63A /* LoginView.swift */,
				9C3E923F23F70B51009ADA6E /* LoginUpperSubview.swift */,
				9C3E924123F70B66009ADA6E /* LoginLowerSubview.swift */,
				9C3E924323F70D14009ADA6E /* LoginTextField.swift */,
				9C3E924523F71255009ADA6E /* LoginAnimationModifier.swift */,
			);
			path = View;
			sourceTree = "<group>";
		};
		9C3E924723F716EC009ADA6E /* Utils */ = {
			isa = PBXGroup;
			children = (
				9C987FA723F332A5002E104D /* Constants.swift */,
				9CE74C20240192E5001D9369 /* Environment.swift */,
				9C628CDD23FB178A005F8F06 /* StoragePropertyWrapper.swift */,
				9C736DA0240EF61F00CAA3F9 /* CancellableBag.swift */,
				9C736DA6240EF82B00CAA3F9 /* Loadable.swift */,
			);
			path = Utils;
			sourceTree = "<group>";
		};
		9C628CDF23FB1839005F8F06 /* Api */ = {
			isa = PBXGroup;
			children = (
				9C628CE223FB1851005F8F06 /* APIRouter.swift */,
				9C628CE123FB1851005F8F06 /* APIClient.swift */,
				9C628CE023FB1851005F8F06 /* APIPaginator.swift */,
				9C628CE323FB1851005F8F06 /* AccessTokenInterceptor.swift */,
			);
			path = Api;
			sourceTree = "<group>";
		};
		9C736D98240EEA9D00CAA3F9 /* ViewModel */ = {
			isa = PBXGroup;
			children = (
				9C736D99240EEAB400CAA3F9 /* ViewModel.swift */,
			);
			path = ViewModel;
			sourceTree = "<group>";
		};
		9C736D9B240EEE2A00CAA3F9 /* Service */ = {
			isa = PBXGroup;
			children = (
				9C736D9C240EEE4A00CAA3F9 /* LoginServiceProtocol.swift */,
			);
			path = Service;
			sourceTree = "<group>";
		};
		9C81AD6D2407CDA30010FCF5 /* Views */ = {
			isa = PBXGroup;
			children = (
				9C81AD732407CF990010FCF5 /* Backgrounds */,
				9C81AD782407D11C0010FCF5 /* Buttons */,
				9C81AD792407D1250010FCF5 /* Toogle */,
				9C19971B240BCC05001E9B8B /* NeoColors.swift */,
			);
			path = Views;
			sourceTree = "<group>";
		};
		9C81AD6E2407CDC70010FCF5 /* Extensions */ = {
			isa = PBXGroup;
			children = (
				9C81AD6F2407CE560010FCF5 /* Color+Palette.swift */,
				9C81AD712407CEE60010FCF5 /* LinearGradient+Extensions.swift */,
				9C736D9E240EF5CD00CAA3F9 /* Publisher+Extensions.swift */,
				9C736DA2240EF64000CAA3F9 /* AnyCancellable+Extensions.swift */,
				9C736DA4240EF80A00CAA3F9 /* CurrentValueSubject+Extensions.swift */,
				9C736DA8240EF85B00CAA3F9 /* Subscribers+Extensions.swift */,
			);
			path = Extensions;
			sourceTree = "<group>";
		};
		9C81AD732407CF990010FCF5 /* Backgrounds */ = {
			isa = PBXGroup;
			children = (
				9C81AD762407D0000010FCF5 /* NeoBackground.swift */,
			);
			path = Backgrounds;
			sourceTree = "<group>";
		};
		9C81AD782407D11C0010FCF5 /* Buttons */ = {
			isa = PBXGroup;
			children = (
			);
			path = Buttons;
			sourceTree = "<group>";
		};
		9C81AD792407D1250010FCF5 /* Toogle */ = {
			isa = PBXGroup;
			children = (
			);
			path = Toogle;
			sourceTree = "<group>";
		};
		9C81AD7C2407D1860010FCF5 /* Styles */ = {
			isa = PBXGroup;
			children = (
				9C81AD822407D1E00010FCF5 /* Toggle */,
				9C81AD7D2407D18E0010FCF5 /* Buttons */,
			);
			path = Styles;
			sourceTree = "<group>";
		};
		9C81AD7D2407D18E0010FCF5 /* Buttons */ = {
			isa = PBXGroup;
			children = (
				9C81AD802407D1BB0010FCF5 /* NeoButtonStyle.swift */,
			);
			path = Buttons;
			sourceTree = "<group>";
		};
		9C81AD822407D1E00010FCF5 /* Toggle */ = {
			isa = PBXGroup;
			children = (
				9C81AD852407D1FF0010FCF5 /* NeoToggleStyle.swift */,
			);
			path = Toggle;
			sourceTree = "<group>";
		};
		9C974B8223F1DBDD006AC63A = {
			isa = PBXGroup;
			children = (
				9C974B8D23F1DBDE006AC63A /* SUICTemplate */,
				9C974B8C23F1DBDE006AC63A /* Products */,
			);
			sourceTree = "<group>";
		};
		9C974B8C23F1DBDE006AC63A /* Products */ = {
			isa = PBXGroup;
			children = (
				9C974B8B23F1DBDE006AC63A /* SUICTemplate.app */,
			);
			name = Products;
			sourceTree = "<group>";
		};
		9C974B8D23F1DBDE006AC63A /* SUICTemplate */ = {
			isa = PBXGroup;
			children = (
				9CE74C1D24018FFB001D9369 /* Configs */,
				9C3E924723F716EC009ADA6E /* Utils */,
				9C81AD6E2407CDC70010FCF5 /* Extensions */,
				9C3E923223F5E0FF009ADA6E /* Localizable */,
				9C628CDF23FB1839005F8F06 /* Api */,
				9C736D98240EEA9D00CAA3F9 /* ViewModel */,
				9C974BB623F1E79A006AC63A /* Model */,
				9C736D9B240EEE2A00CAA3F9 /* Service */,
				9C974BB723F1E7A8006AC63A /* View */,
				9C81AD6D2407CDA30010FCF5 /* Views */,
				9C81AD7C2407D1860010FCF5 /* Styles */,
				9C974B8E23F1DBDE006AC63A /* AppDelegate.swift */,
				9C974B9023F1DBDE006AC63A /* SceneDelegate.swift */,
				9C974B9423F1DBDE006AC63A /* Assets.xcassets */,
				9C974B9923F1DBDE006AC63A /* LaunchScreen.storyboard */,
				9C974B9C23F1DBDE006AC63A /* Info.plist */,
				9C974B9623F1DBDE006AC63A /* Preview Content */,
			);
			path = SUICTemplate;
			sourceTree = "<group>";
		};
		9C974B9623F1DBDE006AC63A /* Preview Content */ = {
			isa = PBXGroup;
			children = (
				9C974B9723F1DBDE006AC63A /* Preview Assets.xcassets */,
			);
			path = "Preview Content";
			sourceTree = "<group>";
		};
		9C974BAF23F1DD24006AC63A /* Login */ = {
			isa = PBXGroup;
			children = (
				B401CEC623F9BBA400CD6356 /* LoginViewModel.swift */,
				9C974BA523F1DD1D006AC63A /* LoginPresenter.swift */,
				9C974BA723F1DD1D006AC63A /* LoginModuleApi.swift */,
				9C974BA823F1DD1D006AC63A /* LoginInteractor.swift */,
				9C3E923E23F70B2E009ADA6E /* View */,
			);
			path = Login;
			sourceTree = "<group>";
		};
		9C974BB623F1E79A006AC63A /* Model */ = {
			isa = PBXGroup;
			children = (
				9C628CE823FB1A44005F8F06 /* PaginationModel.swift */,
				9CE74C1B240165D0001D9369 /* UserToken.swift */,
			);
			path = Model;
			sourceTree = "<group>";
		};
		9C974BB723F1E7A8006AC63A /* View */ = {
			isa = PBXGroup;
			children = (
				9C974BAF23F1DD24006AC63A /* Login */,
				9C199729240C4795001E9B8B /* SignUp */,
				B401CECA23F9BF6200CD6356 /* Home */,
			);
			path = View;
			sourceTree = "<group>";
		};
		9CE74C1D24018FFB001D9369 /* Configs */ = {
			isa = PBXGroup;
			children = (
				9CE74C1E2401900E001D9369 /* Release.xcconfig */,
				9CE74C1F24019018001D9369 /* Development.xcconfig */,
			);
			path = Configs;
			sourceTree = "<group>";
		};
		B401CECA23F9BF6200CD6356 /* Home */ = {
			isa = PBXGroup;
			children = (
				9C19972C240C4878001E9B8B /* HomePresenter.swift */,
				9C19972D240C4878001E9B8B /* HomeRouter.swift */,
				9C19972E240C4878001E9B8B /* HomeModuleApi.swift */,
				9C19972F240C4878001E9B8B /* HomeInteractor.swift */,
				9C199730240C4878001E9B8B /* HomeView.swift */,
			);
			path = Home;
			sourceTree = "<group>";
		};
/* End PBXGroup section */

/* Begin PBXNativeTarget section */
		9C974B8A23F1DBDD006AC63A /* SUICTemplate */ = {
			isa = PBXNativeTarget;
			buildConfigurationList = 9C974B9F23F1DBDE006AC63A /* Build configuration list for PBXNativeTarget "SUICTemplate" */;
			buildPhases = (
				9C974B8723F1DBDD006AC63A /* Sources */,
				9C974B8823F1DBDD006AC63A /* Frameworks */,
				9C974B8923F1DBDD006AC63A /* Resources */,
				9C974BB523F1DE87006AC63A /* Lint */,
				9C3E923923F5E36B009ADA6E /* BartyCrouch */,
			);
			buildRules = (
			);
			dependencies = (
			);
			name = SUICTemplate;
			packageProductDependencies = (
				9C974BA323F1DCCF006AC63A /* Viperit */,
				9C628CDA23FB16A4005F8F06 /* Alamofire */,
			);
			productName = "SwiftUI-Combine-Template";
			productReference = 9C974B8B23F1DBDE006AC63A /* SUICTemplate.app */;
			productType = "com.apple.product-type.application";
		};
/* End PBXNativeTarget section */

/* Begin PBXProject section */
		9C974B8323F1DBDD006AC63A /* Project object */ = {
			isa = PBXProject;
			attributes = {
				LastSwiftUpdateCheck = 1130;
				LastUpgradeCheck = 1130;
				ORGANIZATIONNAME = "Saul Moreno Abril";
				TargetAttributes = {
					9C974B8A23F1DBDD006AC63A = {
						CreatedOnToolsVersion = 11.3.1;
					};
				};
			};
			buildConfigurationList = 9C974B8623F1DBDD006AC63A /* Build configuration list for PBXProject "SUICTemplate" */;
			compatibilityVersion = "Xcode 9.3";
			developmentRegion = en;
			hasScannedForEncodings = 0;
			knownRegions = (
				en,
				Base,
				es,
			);
			mainGroup = 9C974B8223F1DBDD006AC63A;
			packageReferences = (
				9C974BA223F1DCCF006AC63A /* XCRemoteSwiftPackageReference "Viperit" */,
				9C628CD923FB16A4005F8F06 /* XCRemoteSwiftPackageReference "Alamofire" */,
			);
			productRefGroup = 9C974B8C23F1DBDE006AC63A /* Products */;
			projectDirPath = "";
			projectRoot = "";
			targets = (
				9C974B8A23F1DBDD006AC63A /* SUICTemplate */,
			);
		};
/* End PBXProject section */

/* Begin PBXResourcesBuildPhase section */
		9C974B8923F1DBDD006AC63A /* Resources */ = {
			isa = PBXResourcesBuildPhase;
			buildActionMask = 2147483647;
			files = (
				9C974B9B23F1DBDE006AC63A /* LaunchScreen.storyboard in Resources */,
				9C3E923A23F5E4FC009ADA6E /* Localizable.strings in Resources */,
				9C974B9823F1DBDE006AC63A /* Preview Assets.xcassets in Resources */,
				9C974B9523F1DBDE006AC63A /* Assets.xcassets in Resources */,
			);
			runOnlyForDeploymentPostprocessing = 0;
		};
/* End PBXResourcesBuildPhase section */

/* Begin PBXShellScriptBuildPhase section */
		9C3E923923F5E36B009ADA6E /* BartyCrouch */ = {
			isa = PBXShellScriptBuildPhase;
			buildActionMask = 2147483647;
			files = (
			);
			inputFileListPaths = (
			);
			inputPaths = (
			);
			name = BartyCrouch;
			outputFileListPaths = (
			);
			outputPaths = (
			);
			runOnlyForDeploymentPostprocessing = 0;
			shellPath = /bin/sh;
			shellScript = "if which mint >/dev/null; then\n    mint run Flinesoft/BartyCrouch bartycrouch update -x\n    mint run Flinesoft/BartyCrouch bartycrouch lint -x\nelse\n    echo \"warning: Mint not installed, download from https://github.com/yonaskolb/mint\"\nfi\n";
		};
		9C974BB523F1DE87006AC63A /* Lint */ = {
			isa = PBXShellScriptBuildPhase;
			buildActionMask = 2147483647;
			files = (
			);
			inputFileListPaths = (
			);
			inputPaths = (
			);
			name = Lint;
			outputFileListPaths = (
			);
			outputPaths = (
			);
			runOnlyForDeploymentPostprocessing = 0;
			shellPath = /bin/sh;
			shellScript = "if which mint >/dev/null; then\n  mint run realm/SwiftLint swiftlint\nelse\n  echo \"warning: Mint not installed, download from https://github.com/yonaskolb/mint\"\nfi\n";
		};
/* End PBXShellScriptBuildPhase section */

/* Begin PBXSourcesBuildPhase section */
		9C974B8723F1DBDD006AC63A /* Sources */ = {
			isa = PBXSourcesBuildPhase;
			buildActionMask = 2147483647;
			files = (
				9C81AD722407CEE60010FCF5 /* LinearGradient+Extensions.swift in Sources */,
				9C628CE423FB1851005F8F06 /* APIPaginator.swift in Sources */,
				9C974BAA23F1DD1D006AC63A /* LoginPresenter.swift in Sources */,
				9C199733240C4878001E9B8B /* HomeModuleApi.swift in Sources */,
				9C974B8F23F1DBDE006AC63A /* AppDelegate.swift in Sources */,
				9CE74C22240195B7001D9369 /* LoginInteractor.swift in Sources */,
				9C628CE523FB1851005F8F06 /* APIClient.swift in Sources */,
				9C736DA3240EF64000CAA3F9 /* AnyCancellable+Extensions.swift in Sources */,
				9C628CDE23FB178A005F8F06 /* StoragePropertyWrapper.swift in Sources */,
				9C199735240C4878001E9B8B /* HomeView.swift in Sources */,
				9C974BAC23F1DD1D006AC63A /* LoginModuleApi.swift in Sources */,
				9C628CE623FB1851005F8F06 /* APIRouter.swift in Sources */,
				9C199732240C4878001E9B8B /* HomeRouter.swift in Sources */,
				9C81AD862407D1FF0010FCF5 /* NeoToggleStyle.swift in Sources */,
				9C199734240C4878001E9B8B /* HomeInteractor.swift in Sources */,
				9C3E924023F70B51009ADA6E /* LoginUpperSubview.swift in Sources */,
				9C736DA5240EF80A00CAA3F9 /* CurrentValueSubject+Extensions.swift in Sources */,
				9C3E924223F70B66009ADA6E /* LoginLowerSubview.swift in Sources */,
				9C81AD702407CE560010FCF5 /* Color+Palette.swift in Sources */,
				9CE74C1C240165D0001D9369 /* UserToken.swift in Sources */,
				9C199731240C4878001E9B8B /* HomePresenter.swift in Sources */,
				9C736DA9240EF85B00CAA3F9 /* Subscribers+Extensions.swift in Sources */,
				9C974B9123F1DBDE006AC63A /* SceneDelegate.swift in Sources */,
				9C736D9A240EEAB400CAA3F9 /* ViewModel.swift in Sources */,
				9C736DA1240EF61F00CAA3F9 /* CancellableBag.swift in Sources */,
				9C19971C240BCC05001E9B8B /* NeoColors.swift in Sources */,
				B401CEC723F9BBA400CD6356 /* LoginViewModel.swift in Sources */,
				9C81AD772407D0000010FCF5 /* NeoBackground.swift in Sources */,
				9C81AD812407D1BB0010FCF5 /* NeoButtonStyle.swift in Sources */,
				9C987FA823F332A5002E104D /* Constants.swift in Sources */,
				9C736DA7240EF82B00CAA3F9 /* Loadable.swift in Sources */,
				9C19972B240C47AC001E9B8B /* SignUpModel.swift in Sources */,
				9C736D9D240EEE4A00CAA3F9 /* LoginServiceProtocol.swift in Sources */,
				9C628CE923FB1A44005F8F06 /* PaginationModel.swift in Sources */,
				9C3E924623F71255009ADA6E /* LoginAnimationModifier.swift in Sources */,
				9CE74C21240192E5001D9369 /* Environment.swift in Sources */,
				9C974BAE23F1DD1D006AC63A /* LoginView.swift in Sources */,
				9C3E923423F5E10E009ADA6E /* Localizable.swift in Sources */,
				9C3E924423F70D14009ADA6E /* LoginTextField.swift in Sources */,
				9C736D9F240EF5CD00CAA3F9 /* Publisher+Extensions.swift in Sources */,
				9C628CE723FB1851005F8F06 /* AccessTokenInterceptor.swift in Sources */,
			);
			runOnlyForDeploymentPostprocessing = 0;
		};
/* End PBXSourcesBuildPhase section */

/* Begin PBXVariantGroup section */
		9C3E923C23F5E4FC009ADA6E /* Localizable.strings */ = {
			isa = PBXVariantGroup;
			children = (
				9C3E923B23F5E4FC009ADA6E /* en */,
				9C3E923D23F5E500009ADA6E /* es */,
			);
			name = Localizable.strings;
			sourceTree = "<group>";
		};
		9C974B9923F1DBDE006AC63A /* LaunchScreen.storyboard */ = {
			isa = PBXVariantGroup;
			children = (
				9C974B9A23F1DBDE006AC63A /* Base */,
				9C3E923523F5E2D3009ADA6E /* es */,
			);
			name = LaunchScreen.storyboard;
			sourceTree = "<group>";
		};
/* End PBXVariantGroup section */

/* Begin XCBuildConfiguration section */
		9C974B9D23F1DBDE006AC63A /* Development */ = {
			isa = XCBuildConfiguration;
			baseConfigurationReference = 9CE74C1F24019018001D9369 /* Development.xcconfig */;
			buildSettings = {
				ALWAYS_SEARCH_USER_PATHS = NO;
				CLANG_ANALYZER_LOCALIZABILITY_NONLOCALIZED = YES;
				CLANG_ANALYZER_NONNULL = YES;
				CLANG_ANALYZER_NUMBER_OBJECT_CONVERSION = YES_AGGRESSIVE;
				CLANG_CXX_LANGUAGE_STANDARD = "gnu++14";
				CLANG_CXX_LIBRARY = "libc++";
				CLANG_ENABLE_MODULES = YES;
				CLANG_ENABLE_OBJC_ARC = YES;
				CLANG_ENABLE_OBJC_WEAK = YES;
				CLANG_WARN_BLOCK_CAPTURE_AUTORELEASING = YES;
				CLANG_WARN_BOOL_CONVERSION = YES;
				CLANG_WARN_COMMA = YES;
				CLANG_WARN_CONSTANT_CONVERSION = YES;
				CLANG_WARN_DEPRECATED_OBJC_IMPLEMENTATIONS = YES;
				CLANG_WARN_DIRECT_OBJC_ISA_USAGE = YES_ERROR;
				CLANG_WARN_DOCUMENTATION_COMMENTS = YES;
				CLANG_WARN_EMPTY_BODY = YES;
				CLANG_WARN_ENUM_CONVERSION = YES;
				CLANG_WARN_INFINITE_RECURSION = YES;
				CLANG_WARN_INT_CONVERSION = YES;
				CLANG_WARN_NON_LITERAL_NULL_CONVERSION = YES;
				CLANG_WARN_OBJC_IMPLICIT_RETAIN_SELF = YES;
				CLANG_WARN_OBJC_LITERAL_CONVERSION = YES;
				CLANG_WARN_OBJC_ROOT_CLASS = YES_ERROR;
				CLANG_WARN_RANGE_LOOP_ANALYSIS = YES;
				CLANG_WARN_STRICT_PROTOTYPES = YES;
				CLANG_WARN_SUSPICIOUS_MOVE = YES;
				CLANG_WARN_UNGUARDED_AVAILABILITY = YES_AGGRESSIVE;
				CLANG_WARN_UNREACHABLE_CODE = YES;
				CLANG_WARN__DUPLICATE_METHOD_MATCH = YES;
				COPY_PHASE_STRIP = NO;
				DEBUG_INFORMATION_FORMAT = dwarf;
				ENABLE_STRICT_OBJC_MSGSEND = YES;
				ENABLE_TESTABILITY = YES;
				GCC_C_LANGUAGE_STANDARD = gnu11;
				GCC_DYNAMIC_NO_PIC = NO;
				GCC_NO_COMMON_BLOCKS = YES;
				GCC_OPTIMIZATION_LEVEL = 0;
				GCC_PREPROCESSOR_DEFINITIONS = (
					"DEBUG=1",
					"$(inherited)",
				);
				GCC_WARN_64_TO_32_BIT_CONVERSION = YES;
				GCC_WARN_ABOUT_RETURN_TYPE = YES_ERROR;
				GCC_WARN_UNDECLARED_SELECTOR = YES;
				GCC_WARN_UNINITIALIZED_AUTOS = YES_AGGRESSIVE;
				GCC_WARN_UNUSED_FUNCTION = YES;
				GCC_WARN_UNUSED_VARIABLE = YES;
				IPHONEOS_DEPLOYMENT_TARGET = 13.2;
				MTL_ENABLE_DEBUG_INFO = INCLUDE_SOURCE;
				MTL_FAST_MATH = YES;
				ONLY_ACTIVE_ARCH = YES;
				SDKROOT = iphoneos;
				SWIFT_ACTIVE_COMPILATION_CONDITIONS = DEBUG;
				SWIFT_OPTIMIZATION_LEVEL = "-Onone";
			};
			name = Development;
		};
		9C974B9E23F1DBDE006AC63A /* Release */ = {
			isa = XCBuildConfiguration;
			baseConfigurationReference = 9CE74C1E2401900E001D9369 /* Release.xcconfig */;
			buildSettings = {
				ALWAYS_SEARCH_USER_PATHS = NO;
				CLANG_ANALYZER_LOCALIZABILITY_NONLOCALIZED = YES;
				CLANG_ANALYZER_NONNULL = YES;
				CLANG_ANALYZER_NUMBER_OBJECT_CONVERSION = YES_AGGRESSIVE;
				CLANG_CXX_LANGUAGE_STANDARD = "gnu++14";
				CLANG_CXX_LIBRARY = "libc++";
				CLANG_ENABLE_MODULES = YES;
				CLANG_ENABLE_OBJC_ARC = YES;
				CLANG_ENABLE_OBJC_WEAK = YES;
				CLANG_WARN_BLOCK_CAPTURE_AUTORELEASING = YES;
				CLANG_WARN_BOOL_CONVERSION = YES;
				CLANG_WARN_COMMA = YES;
				CLANG_WARN_CONSTANT_CONVERSION = YES;
				CLANG_WARN_DEPRECATED_OBJC_IMPLEMENTATIONS = YES;
				CLANG_WARN_DIRECT_OBJC_ISA_USAGE = YES_ERROR;
				CLANG_WARN_DOCUMENTATION_COMMENTS = YES;
				CLANG_WARN_EMPTY_BODY = YES;
				CLANG_WARN_ENUM_CONVERSION = YES;
				CLANG_WARN_INFINITE_RECURSION = YES;
				CLANG_WARN_INT_CONVERSION = YES;
				CLANG_WARN_NON_LITERAL_NULL_CONVERSION = YES;
				CLANG_WARN_OBJC_IMPLICIT_RETAIN_SELF = YES;
				CLANG_WARN_OBJC_LITERAL_CONVERSION = YES;
				CLANG_WARN_OBJC_ROOT_CLASS = YES_ERROR;
				CLANG_WARN_RANGE_LOOP_ANALYSIS = YES;
				CLANG_WARN_STRICT_PROTOTYPES = YES;
				CLANG_WARN_SUSPICIOUS_MOVE = YES;
				CLANG_WARN_UNGUARDED_AVAILABILITY = YES_AGGRESSIVE;
				CLANG_WARN_UNREACHABLE_CODE = YES;
				CLANG_WARN__DUPLICATE_METHOD_MATCH = YES;
				COPY_PHASE_STRIP = NO;
				DEBUG_INFORMATION_FORMAT = "dwarf-with-dsym";
				ENABLE_NS_ASSERTIONS = NO;
				ENABLE_STRICT_OBJC_MSGSEND = YES;
				GCC_C_LANGUAGE_STANDARD = gnu11;
				GCC_NO_COMMON_BLOCKS = YES;
				GCC_WARN_64_TO_32_BIT_CONVERSION = YES;
				GCC_WARN_ABOUT_RETURN_TYPE = YES_ERROR;
				GCC_WARN_UNDECLARED_SELECTOR = YES;
				GCC_WARN_UNINITIALIZED_AUTOS = YES_AGGRESSIVE;
				GCC_WARN_UNUSED_FUNCTION = YES;
				GCC_WARN_UNUSED_VARIABLE = YES;
				IPHONEOS_DEPLOYMENT_TARGET = 13.2;
				MTL_ENABLE_DEBUG_INFO = NO;
				MTL_FAST_MATH = YES;
				SDKROOT = iphoneos;
				SWIFT_COMPILATION_MODE = wholemodule;
				SWIFT_OPTIMIZATION_LEVEL = "-O";
				VALIDATE_PRODUCT = YES;
			};
			name = Release;
		};
		9C974BA023F1DBDE006AC63A /* Development */ = {
			isa = XCBuildConfiguration;
			baseConfigurationReference = 9CE74C1F24019018001D9369 /* Development.xcconfig */;
			buildSettings = {
				ASSETCATALOG_COMPILER_APPICON_NAME = AppIcon;
				CODE_SIGN_STYLE = Automatic;
				DEVELOPMENT_ASSET_PATHS = "\"SUICTemplate/Preview Content\"";
				DEVELOPMENT_TEAM = U96GUE2A6L;
				ENABLE_PREVIEWS = YES;
				INFOPLIST_FILE = SUICTemplate/Info.plist;
				LD_RUNPATH_SEARCH_PATHS = (
					"$(inherited)",
					"@executable_path/Frameworks",
				);
				PRODUCT_BUNDLE_IDENTIFIER = "${APP_BUNDLE_ID}";
				PRODUCT_NAME = "$(TARGET_NAME)";
				SWIFT_VERSION = 5.0;
				TARGETED_DEVICE_FAMILY = "1,2";
			};
			name = Development;
		};
		9C974BA123F1DBDE006AC63A /* Release */ = {
			isa = XCBuildConfiguration;
			baseConfigurationReference = 9CE74C1E2401900E001D9369 /* Release.xcconfig */;
			buildSettings = {
				ASSETCATALOG_COMPILER_APPICON_NAME = AppIcon;
				CODE_SIGN_STYLE = Automatic;
				DEVELOPMENT_ASSET_PATHS = "\"SUICTemplate/Preview Content\"";
				DEVELOPMENT_TEAM = U96GUE2A6L;
				ENABLE_PREVIEWS = YES;
				INFOPLIST_FILE = SUICTemplate/Info.plist;
				LD_RUNPATH_SEARCH_PATHS = (
					"$(inherited)",
					"@executable_path/Frameworks",
				);
				PRODUCT_BUNDLE_IDENTIFIER = "${APP_BUNDLE_ID}";
				PRODUCT_NAME = "$(TARGET_NAME)";
				SWIFT_VERSION = 5.0;
				TARGETED_DEVICE_FAMILY = "1,2";
			};
			name = Release;
		};
/* End XCBuildConfiguration section */

/* Begin XCConfigurationList section */
		9C974B8623F1DBDD006AC63A /* Build configuration list for PBXProject "SUICTemplate" */ = {
			isa = XCConfigurationList;
			buildConfigurations = (
				9C974B9D23F1DBDE006AC63A /* Development */,
				9C974B9E23F1DBDE006AC63A /* Release */,
			);
			defaultConfigurationIsVisible = 0;
			defaultConfigurationName = Release;
		};
		9C974B9F23F1DBDE006AC63A /* Build configuration list for PBXNativeTarget "SUICTemplate" */ = {
			isa = XCConfigurationList;
			buildConfigurations = (
				9C974BA023F1DBDE006AC63A /* Development */,
				9C974BA123F1DBDE006AC63A /* Release */,
			);
			defaultConfigurationIsVisible = 0;
			defaultConfigurationName = Release;
		};
/* End XCConfigurationList section */

/* Begin XCRemoteSwiftPackageReference section */
		9C628CD923FB16A4005F8F06 /* XCRemoteSwiftPackageReference "Alamofire" */ = {
			isa = XCRemoteSwiftPackageReference;
			repositoryURL = "https://github.com/Alamofire/Alamofire";
			requirement = {
				kind = upToNextMajorVersion;
				minimumVersion = 5.0.0;
			};
		};
		9C974BA223F1DCCF006AC63A /* XCRemoteSwiftPackageReference "Viperit" */ = {
			isa = XCRemoteSwiftPackageReference;
			repositoryURL = "https://github.com/ferranabello/Viperit.git";
			requirement = {
				kind = upToNextMajorVersion;
				minimumVersion = 1.4.4;
			};
		};
/* End XCRemoteSwiftPackageReference section */

/* Begin XCSwiftPackageProductDependency section */
		9C628CDA23FB16A4005F8F06 /* Alamofire */ = {
			isa = XCSwiftPackageProductDependency;
			package = 9C628CD923FB16A4005F8F06 /* XCRemoteSwiftPackageReference "Alamofire" */;
			productName = Alamofire;
		};
		9C974BA323F1DCCF006AC63A /* Viperit */ = {
			isa = XCSwiftPackageProductDependency;
			package = 9C974BA223F1DCCF006AC63A /* XCRemoteSwiftPackageReference "Viperit" */;
			productName = Viperit;
		};
/* End XCSwiftPackageProductDependency section */
	};
	rootObject = 9C974B8323F1DBDD006AC63A /* Project object */;
}
