{
  "object": {
    "pins": [
      {
        "package": "Alamofire",
        "repositoryURL": "https://github.com/Alamofire/Alamofire",
        "state": {
          "branch": null,
          "revision": "cdb2f4a574c3f7ae9ac0b0913058d64ff6fa09ac",
          "version": "5.0.1"
        }
      },
      {
        "package": "Viperit",
        "repositoryURL": "https://github.com/ferranabello/Viperit.git",
        "state": {
          "branch": null,
          "revision": "0cd7943fecde68431f896d242f9c7ae3bee0242c",
          "version": "1.4.4"
        }
      }
    ]
  },
  "version": 1
}
