{
  "object": {
    "pins": [
      {
        "package": "Viperit",
        "repositoryURL": "https://github.com/ferranabello/Viperit.git",
        "state": {
          "branch": null,
          "revision": "0cd7943fecde68431f896d242f9c7ae3bee0242c",
          "version": "1.4.4"
        }
      }
    ]
  },
  "version": 1
}
